
Microsoft Visual Studio Solution File, Format Version 12.00
# Visual Studio Version 17
VisualStudioVersion = 17.13.35825.156
MinimumVisualStudioVersion = 10.0.40219.1
Project("{2150E333-8FDC-42A3-9474-1A3956D46DE8}") = "Solution Items", "Solution Items", "{2C73F3F2-606A-4B7B-B473-3E5A8AC467FB}"
	ProjectSection(SolutionItems) = preProject
		README.md = README.md
	EndProjectSection
EndProject
Project("{8BC9CEB8-8B4A-11D0-8D11-00A0C91BC942}") = "progman", "progman\progman.vcxproj", "{F5384042-E496-4EE3-9330-29C41FAEBD18}"
	ProjectSection(ProjectDependencies) = postProject
		{1C99CA3B-3C74-4654-A3C6-04426AA71F90} = {1C99CA3B-3C74-4654-A3C6-04426AA71F90}
	EndProjectSection
EndProject
Project("{8BC9CEB8-8B4A-11D0-8D11-00A0C91BC942}") = "libprogman", "libprogman\libprogman.vcxproj", "{1C99CA3B-3C74-4654-A3C6-04426AA71F90}"
EndProject
Project("{8BC9CEB8-8B4A-11D0-8D11-00A0C91BC942}") = "libprogman_tests", "libprogman_tests\libprogman_tests.vcxproj", "{B8BC0426-5B92-A4B3-2C2C-A9C500E1BE44}"
EndProject
Global
	GlobalSection(SolutionConfigurationPlatforms) = preSolution
		Debug|ARM64 = Debug|ARM64
		Debug|Win32 = Debug|Win32
		Debug|x64 = Debug|x64
		Debug|x86 = Debug|x86
		Release|ARM64 = Release|ARM64
		Release|Win32 = Release|Win32
		Release|x64 = Release|x64
		Release|x86 = Release|x86
	EndGlobalSection
	GlobalSection(ProjectConfigurationPlatforms) = postSolution
		{F5384042-E496-4EE3-9330-29C41FAEBD18}.Debug|ARM64.ActiveCfg = Debug|ARM64
		{F5384042-E496-4EE3-9330-29C41FAEBD18}.Debug|ARM64.Build.0 = Debug|ARM64
		{F5384042-E496-4EE3-9330-29C41FAEBD18}.Debug|Win32.ActiveCfg = Debug|Win32
		{F5384042-E496-4EE3-9330-29C41FAEBD18}.Debug|Win32.Build.0 = Debug|Win32
		{F5384042-E496-4EE3-9330-29C41FAEBD18}.Debug|x64.ActiveCfg = Debug|x64
		{F5384042-E496-4EE3-9330-29C41FAEBD18}.Debug|x64.Build.0 = Debug|x64
		{F5384042-E496-4EE3-9330-29C41FAEBD18}.Debug|x86.ActiveCfg = Debug|Win32
		{F5384042-E496-4EE3-9330-29C41FAEBD18}.Debug|x86.Build.0 = Debug|Win32
		{F5384042-E496-4EE3-9330-29C41FAEBD18}.Release|ARM64.ActiveCfg = Release|ARM64
		{F5384042-E496-4EE3-9330-29C41FAEBD18}.Release|ARM64.Build.0 = Release|ARM64
		{F5384042-E496-4EE3-9330-29C41FAEBD18}.Release|Win32.ActiveCfg = Release|Win32
		{F5384042-E496-4EE3-9330-29C41FAEBD18}.Release|Win32.Build.0 = Release|Win32
		{F5384042-E496-4EE3-9330-29C41FAEBD18}.Release|x64.ActiveCfg = Release|x64
		{F5384042-E496-4EE3-9330-29C41FAEBD18}.Release|x64.Build.0 = Release|x64
		{F5384042-E496-4EE3-9330-29C41FAEBD18}.Release|x86.ActiveCfg = Release|Win32
		{F5384042-E496-4EE3-9330-29C41FAEBD18}.Release|x86.Build.0 = Release|Win32
		{1C99CA3B-3C74-4654-A3C6-04426AA71F90}.Debug|ARM64.ActiveCfg = Debug|ARM64
		{1C99CA3B-3C74-4654-A3C6-04426AA71F90}.Debug|ARM64.Build.0 = Debug|ARM64
		{1C99CA3B-3C74-4654-A3C6-04426AA71F90}.Debug|Win32.ActiveCfg = Debug|Win32
		{1C99CA3B-3C74-4654-A3C6-04426AA71F90}.Debug|Win32.Build.0 = Debug|Win32
		{1C99CA3B-3C74-4654-A3C6-04426AA71F90}.Debug|x64.ActiveCfg = Debug|x64
		{1C99CA3B-3C74-4654-A3C6-04426AA71F90}.Debug|x64.Build.0 = Debug|x64
		{1C99CA3B-3C74-4654-A3C6-04426AA71F90}.Debug|x86.ActiveCfg = Debug|Win32
		{1C99CA3B-3C74-4654-A3C6-04426AA71F90}.Debug|x86.Build.0 = Debug|Win32
		{1C99CA3B-3C74-4654-A3C6-04426AA71F90}.Release|ARM64.ActiveCfg = Release|ARM64
		{1C99CA3B-3C74-4654-A3C6-04426AA71F90}.Release|ARM64.Build.0 = Release|ARM64
		{1C99CA3B-3C74-4654-A3C6-04426AA71F90}.Release|Win32.ActiveCfg = Release|Win32
		{1C99CA3B-3C74-4654-A3C6-04426AA71F90}.Release|Win32.Build.0 = Release|Win32
		{1C99CA3B-3C74-4654-A3C6-04426AA71F90}.Release|x64.ActiveCfg = Release|x64
		{1C99CA3B-3C74-4654-A3C6-04426AA71F90}.Release|x64.Build.0 = Release|x64
		{1C99CA3B-3C74-4654-A3C6-04426AA71F90}.Release|x86.ActiveCfg = Release|Win32
		{1C99CA3B-3C74-4654-A3C6-04426AA71F90}.Release|x86.Build.0 = Release|Win32
		{B8BC0426-5B92-A4B3-2C2C-A9C500E1BE44}.Debug|ARM64.ActiveCfg = Debug|ARM64
		{B8BC0426-5B92-A4B3-2C2C-A9C500E1BE44}.Debug|ARM64.Build.0 = Debug|ARM64
		{B8BC0426-5B92-A4B3-2C2C-A9C500E1BE44}.Debug|Win32.ActiveCfg = Debug|Win32
		{B8BC0426-5B92-A4B3-2C2C-A9C500E1BE44}.Debug|Win32.Build.0 = Debug|Win32
		{B8BC0426-5B92-A4B3-2C2C-A9C500E1BE44}.Debug|x64.ActiveCfg = Debug|x64
		{B8BC0426-5B92-A4B3-2C2C-A9C500E1BE44}.Debug|x64.Build.0 = Debug|x64
		{B8BC0426-5B92-A4B3-2C2C-A9C500E1BE44}.Debug|x86.ActiveCfg = Debug|Win32
		{B8BC0426-5B92-A4B3-2C2C-A9C500E1BE44}.Debug|x86.Build.0 = Debug|Win32
		{B8BC0426-5B92-A4B3-2C2C-A9C500E1BE44}.Release|ARM64.ActiveCfg = Release|ARM64
		{B8BC0426-5B92-A4B3-2C2C-A9C500E1BE44}.Release|ARM64.Build.0 = Release|ARM64
		{B8BC0426-5B92-A4B3-2C2C-A9C500E1BE44}.Release|Win32.ActiveCfg = Release|Win32
		{B8BC0426-5B92-A4B3-2C2C-A9C500E1BE44}.Release|Win32.Build.0 = Release|Win32
		{B8BC0426-5B92-A4B3-2C2C-A9C500E1BE44}.Release|x64.ActiveCfg = Release|x64
		{B8BC0426-5B92-A4B3-2C2C-A9C500E1BE44}.Release|x64.Build.0 = Release|x64
		{B8BC0426-5B92-A4B3-2C2C-A9C500E1BE44}.Release|x86.ActiveCfg = Release|Win32
		{B8BC0426-5B92-A4B3-2C2C-A9C500E1BE44}.Release|x86.Build.0 = Release|Win32
	EndGlobalSection
	GlobalSection(SolutionProperties) = preSolution
		HideSolutionNode = FALSE
	EndGlobalSection
	GlobalSection(ExtensibilityGlobals) = postSolution
		SolutionGuid = {56BB175E-5DE4-4CCB-B12D-67217C03BD15}
	EndGlobalSection
EndGlobal
